{
  "name": "form-me",
  "version": "1.0.3",
  "lockfileVersion": 1,
  "requires": true,
  "dependencies": {
    "jquery": {
      "version": "3.4.1",
      "resolved": "https://registry.npmjs.org/jquery/-/jquery-3.4.1.tgz",
      "integrity": "sha512-36+AdBzCL+y6qjw5Tx7HgzeGCzC81MDDgaUP8ld2zhx58HdqXGoBd+tHdrBMiyjGQs0Hxs/MLZTu/eHNJJuWPw=="
    },
    "track-me": {
      "version": "git+https://github.com/QuatreCentQuatre/trackMe.git#1a684ebdc57ef6169a06bd13f1175e0943ac2037",
      "from": "git+https://github.com/QuatreCentQuatre/trackMe.git#1.0.3"
    },
    "validate-me": {
      "version": "git+https://github.com/QuatreCentQuatre/validateMe.git#e2170f7011f074616dd8bc07fe1dec22f5da232a",
      "from": "git+https://github.com/QuatreCentQuatre/validateMe.git#2.0.2",
      "requires": {
        "jquery": "^3.2.1"
      }
    }
  }
}
